// !$*UTF8*$!
{
	archiveVersion = 1;
	classes = {
	};
	objectVersion = 45;
	objects = {

/* Begin PBXBuildFile section */
		B9473C3D0F956EA500F9A166 /* ToddleDatabase.h in Headers */ = {isa = PBXBuildFile; fileRef = B9473C3B0F956EA500F9A166 /* ToddleDatabase.h */; };
		B9473C3E0F956EA500F9A166 /* ToddleDatabase.m in Sources */ = {isa = PBXBuildFile; fileRef = B9473C3C0F956EA500F9A166 /* ToddleDatabase.m */; };
		B9473C430F956EE200F9A166 /* logger.h in Headers */ = {isa = PBXBuildFile; fileRef = B9473C420F956EE200F9A166 /* logger.h */; };
		B9473CB00F95D86900F9A166 /* ToddleDatabaseAppDelegate.m in Sources */ = {isa = PBXBuildFile; fileRef = B9473CAD0F95D86500F9A166 /* ToddleDatabaseAppDelegate.m */; };
		B9473CBF0F95D8A100F9A166 /* main.m in Sources */ = {isa = PBXBuildFile; fileRef = B9473CBC0F95D88800F9A166 /* main.m */; };
		B9473CC00F95D8A200F9A166 /* MainWindow.xib in Resources */ = {isa = PBXBuildFile; fileRef = B9473CBD0F95D88800F9A166 /* MainWindow.xib */; };
		B9473CF20F95DA5800F9A166 /* SampleAppTavleViewController.m in Sources */ = {isa = PBXBuildFile; fileRef = B9473CF10F95DA5800F9A166 /* SampleAppTavleViewController.m */; };
		B9473CFA0F95DAD400F9A166 /* libsqlite3.dylib in Frameworks */ = {isa = PBXBuildFile; fileRef = B9473C7D0F95D79100F9A166 /* libsqlite3.dylib */; };
		B9473D050F95DB6C00F9A166 /* CoreGraphics.framework in Frameworks */ = {isa = PBXBuildFile; fileRef = B9473D040F95DB6C00F9A166 /* CoreGraphics.framework */; };
		B9473D0E0F95E64300F9A166 /* Foundation.framework in Frameworks */ = {isa = PBXBuildFile; fileRef = 0867D69BFE84028FC02AAC07 /* Foundation.framework */; };
		B9473D0F0F95E64400F9A166 /* UIKit.framework in Frameworks */ = {isa = PBXBuildFile; fileRef = B9473CCE0F95D93300F9A166 /* UIKit.framework */; };
/* End PBXBuildFile section */

/* Begin PBXFileReference section */
		0867D69BFE84028FC02AAC07 /* Foundation.framework */ = {isa = PBXFileReference; lastKnownFileType = wrapper.framework; name = Foundation.framework; path = Platforms/iPhoneOS.platform/Developer/SDKs/iPhoneOS2.2.1.sdk/System/Library/Frameworks/Foundation.framework; sourceTree = DEVELOPER_DIR; };
		32DBCF5E0370ADEE00C91783 /* ToddleDatabase_Prefix.pch */ = {isa = PBXFileReference; fileEncoding = 4; lastKnownFileType = sourcecode.c.h; path = ToddleDatabase_Prefix.pch; sourceTree = "<group>"; };
		B9473C3B0F956EA500F9A166 /* ToddleDatabase.h */ = {isa = PBXFileReference; fileEncoding = 4; lastKnownFileType = sourcecode.c.h; path = ToddleDatabase.h; sourceTree = "<group>"; };
		B9473C3C0F956EA500F9A166 /* ToddleDatabase.m */ = {isa = PBXFileReference; fileEncoding = 4; lastKnownFileType = sourcecode.c.objc; path = ToddleDatabase.m; sourceTree = "<group>"; };
		B9473C420F956EE200F9A166 /* logger.h */ = {isa = PBXFileReference; fileEncoding = 4; lastKnownFileType = sourcecode.c.h; path = logger.h; sourceTree = "<group>"; };
		B9473C7D0F95D79100F9A166 /* libsqlite3.dylib */ = {isa = PBXFileReference; lastKnownFileType = "compiled.mach-o.dylib"; name = libsqlite3.dylib; path = usr/lib/libsqlite3.dylib; sourceTree = SDKROOT; };
		B9473CA20F95D7FA00F9A166 /* SampleApp.app */ = {isa = PBXFileReference; explicitFileType = wrapper.application; includeInIndex = 0; path = SampleApp.app; sourceTree = BUILT_PRODUCTS_DIR; };
		B9473CA40F95D7FA00F9A166 /* SampleApp-Info.plist */ = {isa = PBXFileReference; lastKnownFileType = text.plist.xml; path = "SampleApp-Info.plist"; sourceTree = "<group>"; };
		B9473CAC0F95D86500F9A166 /* ToddleDatabaseAppDelegate.h */ = {isa = PBXFileReference; fileEncoding = 4; lastKnownFileType = sourcecode.c.h; path = ToddleDatabaseAppDelegate.h; sourceTree = "<group>"; };
		B9473CAD0F95D86500F9A166 /* ToddleDatabaseAppDelegate.m */ = {isa = PBXFileReference; fileEncoding = 4; lastKnownFileType = sourcecode.c.objc; path = ToddleDatabaseAppDelegate.m; sourceTree = "<group>"; };
		B9473CBC0F95D88800F9A166 /* main.m */ = {isa = PBXFileReference; lastKnownFileType = sourcecode.c.objc; path = main.m; sourceTree = "<group>"; };
		B9473CBD0F95D88800F9A166 /* MainWindow.xib */ = {isa = PBXFileReference; lastKnownFileType = file.xib; path = MainWindow.xib; sourceTree = "<group>"; };
		B9473CCE0F95D93300F9A166 /* UIKit.framework */ = {isa = PBXFileReference; lastKnownFileType = wrapper.framework; name = UIKit.framework; path = System/Library/Frameworks/UIKit.framework; sourceTree = SDKROOT; };
		B9473CF00F95DA5800F9A166 /* SampleAppTavleViewController.h */ = {isa = PBXFileReference; fileEncoding = 4; lastKnownFileType = sourcecode.c.h; path = SampleAppTavleViewController.h; sourceTree = "<group>"; };
		B9473CF10F95DA5800F9A166 /* SampleAppTavleViewController.m */ = {isa = PBXFileReference; fileEncoding = 4; lastKnownFileType = sourcecode.c.objc; path = SampleAppTavleViewController.m; sourceTree = "<group>"; };
		B9473D040F95DB6C00F9A166 /* CoreGraphics.framework */ = {isa = PBXFileReference; lastKnownFileType = wrapper.framework; name = CoreGraphics.framework; path = System/Library/Frameworks/CoreGraphics.framework; sourceTree = SDKROOT; };
		B9473D350F95E7DC00F9A166 /* SampleApp_Prefix.pch */ = {isa = PBXFileReference; fileEncoding = 4; lastKnownFileType = sourcecode.c.h; path = SampleApp_Prefix.pch; sourceTree = "<group>"; };
		D2AAC07E0554694100DB518D /* libToddleDatabase.a */ = {isa = PBXFileReference; explicitFileType = archive.ar; includeInIndex = 0; path = libToddleDatabase.a; sourceTree = BUILT_PRODUCTS_DIR; };
/* End PBXFileReference section */

/* Begin PBXFrameworksBuildPhase section */
		B9473CA00F95D7FA00F9A166 /* Frameworks */ = {
			isa = PBXFrameworksBuildPhase;
			buildActionMask = 2147483647;
			files = (
				B9473CFA0F95DAD400F9A166 /* libsqlite3.dylib in Frameworks */,
				B9473D050F95DB6C00F9A166 /* CoreGraphics.framework in Frameworks */,
				B9473D0E0F95E64300F9A166 /* Foundation.framework in Frameworks */,
				B9473D0F0F95E64400F9A166 /* UIKit.framework in Frameworks */,
			);
			runOnlyForDeploymentPostprocessing = 0;
		};
		D2AAC07C0554694100DB518D /* Frameworks */ = {
			isa = PBXFrameworksBuildPhase;
			buildActionMask = 2147483647;
			files = (
			);
			runOnlyForDeploymentPostprocessing = 0;
		};
/* End PBXFrameworksBuildPhase section */

/* Begin PBXGroup section */
		034768DFFF38A50411DB9C8B /* Products */ = {
			isa = PBXGroup;
			children = (
				D2AAC07E0554694100DB518D /* libToddleDatabase.a */,
				B9473CA20F95D7FA00F9A166 /* SampleApp.app */,
			);
			name = Products;
			sourceTree = "<group>";
		};
		0867D691FE84028FC02AAC07 /* ToddleDatabase */ = {
			isa = PBXGroup;
			children = (
				08FB77AEFE84172EC02AAC07 /* Classes */,
				32C88DFF0371C24200C91783 /* Other Sources */,
				B9473CAA0F95D81F00F9A166 /* sample */,
				0867D69AFE84028FC02AAC07 /* External Frameworks and Libraries */,
				034768DFFF38A50411DB9C8B /* Products */,
			);
			name = ToddleDatabase;
			sourceTree = "<group>";
		};
		0867D69AFE84028FC02AAC07 /* External Frameworks and Libraries */ = {
			isa = PBXGroup;
			children = (
				B9473D040F95DB6C00F9A166 /* CoreGraphics.framework */,
				B9473CCE0F95D93300F9A166 /* UIKit.framework */,
				1058C7B0FEA5585E11CA2CBB /* Linked Frameworks */,
				1058C7B2FEA5585E11CA2CBB /* Other Frameworks */,
			);
			name = "External Frameworks and Libraries";
			sourceTree = "<group>";
		};
		08FB77AEFE84172EC02AAC07 /* Classes */ = {
			isa = PBXGroup;
			children = (
				B9473C3B0F956EA500F9A166 /* ToddleDatabase.h */,
				B9473C3C0F956EA500F9A166 /* ToddleDatabase.m */,
			);
			name = Classes;
			sourceTree = "<group>";
		};
		1058C7B0FEA5585E11CA2CBB /* Linked Frameworks */ = {
			isa = PBXGroup;
			children = (
				B9473C7D0F95D79100F9A166 /* libsqlite3.dylib */,
			);
			name = "Linked Frameworks";
			sourceTree = "<group>";
		};
		1058C7B2FEA5585E11CA2CBB /* Other Frameworks */ = {
			isa = PBXGroup;
			children = (
				0867D69BFE84028FC02AAC07 /* Foundation.framework */,
			);
			name = "Other Frameworks";
			sourceTree = "<group>";
		};
		32C88DFF0371C24200C91783 /* Other Sources */ = {
			isa = PBXGroup;
			children = (
				B9473C420F956EE200F9A166 /* logger.h */,
				32DBCF5E0370ADEE00C91783 /* ToddleDatabase_Prefix.pch */,
			);
			name = "Other Sources";
			sourceTree = "<group>";
		};
		B9473CAA0F95D81F00F9A166 /* sample */ = {
			isa = PBXGroup;
			children = (
				B9473CF00F95DA5800F9A166 /* SampleAppTavleViewController.h */,
				B9473CF10F95DA5800F9A166 /* SampleAppTavleViewController.m */,
				B9473CAC0F95D86500F9A166 /* ToddleDatabaseAppDelegate.h */,
				B9473CAD0F95D86500F9A166 /* ToddleDatabaseAppDelegate.m */,
				B9473CBD0F95D88800F9A166 /* MainWindow.xib */,
				B9473CBC0F95D88800F9A166 /* main.m */,
				B9473CA40F95D7FA00F9A166 /* SampleApp-Info.plist */,
				B9473D350F95E7DC00F9A166 /* SampleApp_Prefix.pch */,
			);
			path = sample;
			sourceTree = "<group>";
		};
/* End PBXGroup section */

/* Begin PBXHeadersBuildPhase section */
		D2AAC07A0554694100DB518D /* Headers */ = {
			isa = PBXHeadersBuildPhase;
			buildActionMask = 2147483647;
			files = (
				B9473C3D0F956EA500F9A166 /* ToddleDatabase.h in Headers */,
				B9473C430F956EE200F9A166 /* logger.h in Headers */,
			);
			runOnlyForDeploymentPostprocessing = 0;
		};
/* End PBXHeadersBuildPhase section */

/* Begin PBXNativeTarget section */
		B9473CA10F95D7FA00F9A166 /* SampleApp */ = {
			isa = PBXNativeTarget;
			buildConfigurationList = B9473CA70F95D7FC00F9A166 /* Build configuration list for PBXNativeTarget "SampleApp" */;
			buildPhases = (
				B9473C9E0F95D7FA00F9A166 /* Resources */,
				B9473C9F0F95D7FA00F9A166 /* Sources */,
				B9473CA00F95D7FA00F9A166 /* Frameworks */,
			);
			buildRules = (
			);
			dependencies = (
			);
			name = SampleApp;
			productName = SampleApp;
			productReference = B9473CA20F95D7FA00F9A166 /* SampleApp.app */;
			productType = "com.apple.product-type.application";
		};
		D2AAC07D0554694100DB518D /* ToddleDatabase */ = {
			isa = PBXNativeTarget;
			buildConfigurationList = 1DEB921E08733DC00010E9CD /* Build configuration list for PBXNativeTarget "ToddleDatabase" */;
			buildPhases = (
				D2AAC07A0554694100DB518D /* Headers */,
				D2AAC07B0554694100DB518D /* Sources */,
				D2AAC07C0554694100DB518D /* Frameworks */,
			);
			buildRules = (
			);
			dependencies = (
			);
			name = ToddleDatabase;
			productName = ToddleDatabase;
			productReference = D2AAC07E0554694100DB518D /* libToddleDatabase.a */;
			productType = "com.apple.product-type.library.static";
		};
/* End PBXNativeTarget section */

/* Begin PBXProject section */
		0867D690FE84028FC02AAC07 /* Project object */ = {
			isa = PBXProject;
			buildConfigurationList = 1DEB922208733DC00010E9CD /* Build configuration list for PBXProject "ToddleDatabase" */;
			compatibilityVersion = "Xcode 3.1";
			hasScannedForEncodings = 1;
			mainGroup = 0867D691FE84028FC02AAC07 /* ToddleDatabase */;
			productRefGroup = 034768DFFF38A50411DB9C8B /* Products */;
			projectDirPath = "";
			projectRoot = "";
			targets = (
				D2AAC07D0554694100DB518D /* ToddleDatabase */,
				B9473CA10F95D7FA00F9A166 /* SampleApp */,
			);
		};
/* End PBXProject section */

/* Begin PBXResourcesBuildPhase section */
		B9473C9E0F95D7FA00F9A166 /* Resources */ = {
			isa = PBXResourcesBuildPhase;
			buildActionMask = 2147483647;
			files = (
				B9473CC00F95D8A200F9A166 /* MainWindow.xib in Resources */,
			);
			runOnlyForDeploymentPostprocessing = 0;
		};
/* End PBXResourcesBuildPhase section */

/* Begin PBXSourcesBuildPhase section */
		B9473C9F0F95D7FA00F9A166 /* Sources */ = {
			isa = PBXSourcesBuildPhase;
			buildActionMask = 2147483647;
			files = (
				B9473CB00F95D86900F9A166 /* ToddleDatabaseAppDelegate.m in Sources */,
				B9473CBF0F95D8A100F9A166 /* main.m in Sources */,
				B9473CF20F95DA5800F9A166 /* SampleAppTavleViewController.m in Sources */,
			);
			runOnlyForDeploymentPostprocessing = 0;
		};
		D2AAC07B0554694100DB518D /* Sources */ = {
			isa = PBXSourcesBuildPhase;
			buildActionMask = 2147483647;
			files = (
				B9473C3E0F956EA500F9A166 /* ToddleDatabase.m in Sources */,
			);
			runOnlyForDeploymentPostprocessing = 0;
		};
/* End PBXSourcesBuildPhase section */

/* Begin XCBuildConfiguration section */
		1DEB921F08733DC00010E9CD /* Debug */ = {
			isa = XCBuildConfiguration;
			buildSettings = {
				ALWAYS_SEARCH_USER_PATHS = NO;
				ARCHS = "$(ARCHS_STANDARD_32_BIT)";
				COPY_PHASE_STRIP = NO;
				GCC_DYNAMIC_NO_PIC = NO;
				GCC_ENABLE_FIX_AND_CONTINUE = YES;
				GCC_MODEL_TUNING = G5;
				GCC_OPTIMIZATION_LEVEL = 0;
				GCC_PRECOMPILE_PREFIX_HEADER = YES;
				GCC_PREFIX_HEADER = ToddleDatabase_Prefix.pch;
				INSTALL_PATH = /usr/local/lib;
				ONLY_ACTIVE_ARCH = YES;
				PRODUCT_NAME = ToddleDatabase;
			};
			name = Debug;
		};
		1DEB922008733DC00010E9CD /* Release */ = {
			isa = XCBuildConfiguration;
			buildSettings = {
				ALWAYS_SEARCH_USER_PATHS = NO;
				ARCHS = "$(ARCHS_STANDARD_32_BIT)";
				DEBUG_INFORMATION_FORMAT = "dwarf-with-dsym";
				GCC_MODEL_TUNING = G5;
				GCC_PRECOMPILE_PREFIX_HEADER = YES;
				GCC_PREFIX_HEADER = ToddleDatabase_Prefix.pch;
				INSTALL_PATH = /usr/local/lib;
				PRODUCT_NAME = ToddleDatabase;
			};
			name = Release;
		};
		1DEB922308733DC00010E9CD /* Debug */ = {
			isa = XCBuildConfiguration;
			buildSettings = {
				ARCHS = "$(ARCHS_STANDARD_32_BIT)";
				GCC_C_LANGUAGE_STANDARD = c99;
				GCC_OPTIMIZATION_LEVEL = 0;
				GCC_WARN_ABOUT_RETURN_TYPE = YES;
				GCC_WARN_UNUSED_VARIABLE = YES;
				ONLY_ACTIVE_ARCH = YES;
				PREBINDING = NO;
				SDKROOT = iphonesimulator2.2.1;
			};
			name = Debug;
		};
		1DEB922408733DC00010E9CD /* Release */ = {
			isa = XCBuildConfiguration;
			buildSettings = {
				ARCHS = "$(ARCHS_STANDARD_32_BIT)";
				GCC_C_LANGUAGE_STANDARD = c99;
				GCC_WARN_ABOUT_RETURN_TYPE = YES;
				GCC_WARN_UNUSED_VARIABLE = YES;
				PREBINDING = NO;
				SDKROOT = iphonesimulator2.2.1;
			};
			name = Release;
		};
		B9473CA50F95D7FB00F9A166 /* Debug */ = {
			isa = XCBuildConfiguration;
			buildSettings = {
				ALWAYS_SEARCH_USER_PATHS = NO;
				CODE_SIGN_IDENTITY = "Don't Code Sign";
				COPY_PHASE_STRIP = NO;
				FRAMEWORK_SEARCH_PATHS = "";
				GCC_DYNAMIC_NO_PIC = NO;
				GCC_OPTIMIZATION_LEVEL = 0;
				GCC_PRECOMPILE_PREFIX_HEADER = YES;
				GCC_PREFIX_HEADER = sample/SampleApp_Prefix.pch;
				INFOPLIST_FILE = "sample/SampleApp-Info.plist";
				INSTALL_PATH = "$(HOME)/Applications";
				OTHER_LDFLAGS = "";
				PREBINDING = NO;
				PRODUCT_NAME = SampleApp;
				SDKROOT = iphonesimulator2.2.1;
			};
			name = Debug;
		};
		B9473CA60F95D7FB00F9A166 /* Release */ = {
			isa = XCBuildConfiguration;
			buildSettings = {
				ALWAYS_SEARCH_USER_PATHS = NO;
				CODE_SIGN_IDENTITY = "iPhone Developer";
				COPY_PHASE_STRIP = YES;
				DEBUG_INFORMATION_FORMAT = "dwarf-with-dsym";
				FRAMEWORK_SEARCH_PATHS = (
					"$(inherited)",
					"\"$(DEVELOPER_DIR)/Platforms/iPhoneOS.platform/Developer/SDKs/iPhoneOS2.2.1.sdk/System/Library/Frameworks\"",
				);
				GCC_ENABLE_FIX_AND_CONTINUE = NO;
				GCC_PRECOMPILE_PREFIX_HEADER = YES;
				GCC_PREFIX_HEADER = "$(SYSTEM_LIBRARY_DIR)/Frameworks/UIKit.framework/Headers/UIKit.h";
				INFOPLIST_FILE = "SampleApp-Info.plist";
				INSTALL_PATH = "$(HOME)/Applications";
				OTHER_LDFLAGS = (
					"-framework",
					Foundation,
					"-framework",
					UIKit,
				);
				PREBINDING = NO;
				PRODUCT_NAME = SampleApp;
				SDKROOT = iphoneos2.1;
				ZERO_LINK = NO;
			};
			name = Release;
		};
/* End XCBuildConfiguration section */

/* Begin XCConfigurationList section */
		1DEB921E08733DC00010E9CD /* Build configuration list for PBXNativeTarget "ToddleDatabase" */ = {
			isa = XCConfigurationList;
			buildConfigurations = (
				1DEB921F08733DC00010E9CD /* Debug */,
				1DEB922008733DC00010E9CD /* Release */,
			);
			defaultConfigurationIsVisible = 0;
			defaultConfigurationName = Release;
		};
		1DEB922208733DC00010E9CD /* Build configuration list for PBXProject "ToddleDatabase" */ = {
			isa = XCConfigurationList;
			buildConfigurations = (
				1DEB922308733DC00010E9CD /* Debug */,
				1DEB922408733DC00010E9CD /* Release */,
			);
			defaultConfigurationIsVisible = 0;
			defaultConfigurationName = Release;
		};
		B9473CA70F95D7FC00F9A166 /* Build configuration list for PBXNativeTarget "SampleApp" */ = {
			isa = XCConfigurationList;
			buildConfigurations = (
				B9473CA50F95D7FB00F9A166 /* Debug */,
				B9473CA60F95D7FB00F9A166 /* Release */,
			);
			defaultConfigurationIsVisible = 0;
			defaultConfigurationName = Release;
		};
/* End XCConfigurationList section */
	};
	rootObject = 0867D690FE84028FC02AAC07 /* Project object */;
}
